<Solution>
  <Configurations>
    <Platform Name="x64" />
    <Platform Name="x86" />
  </Configurations>
  <Project Path="Lab1/Lab1.vcxproj" Id="cfa4e219-ab39-4761-9e19-0d4910f907cd" />
  <Project Path="Lab2/Lab2.vcxproj" Id="7bceb8c3-959b-485a-bb9d-ac60aa2c9c04" />
  <Project Path="Lab3/Lab3.vcxproj" Id="d99cf28f-57d3-4e6f-a0e0-e364305bc49d" />
</Solution>
